
Microsoft Visual Studio Solution File, Format Version 12.00
# Visual Studio 2012
Project("{FAE04EC0-301F-11D3-BF4B-00C04F79EFBC}") = "CCtoGit", "CCtoGit.csproj", "{6538450A-02B4-471A-8126-BBECA4A7E9F0}"
EndProject
Project("{FAE04EC0-301F-11D3-BF4B-00C04F79EFBC}") = "CCtoGit.Test", "CCtoGit.Test\CCtoGit.Test.csproj", "{EFD70B68-4D09-4368-B8D9-459D81BF7537}"
EndProject
Global
	GlobalSection(SolutionConfigurationPlatforms) = preSolution
		Debug|Any CPU = Debug|Any CPU
		Release|Any CPU = Release|Any CPU
	EndGlobalSection
	GlobalSection(ProjectConfigurationPlatforms) = postSolution
		{6538450A-02B4-471A-8126-BBECA4A7E9F0}.Debug|Any CPU.ActiveCfg = Debug|Any CPU
		{6538450A-02B4-471A-8126-BBECA4A7E9F0}.Debug|Any CPU.Build.0 = Debug|Any CPU
		{6538450A-02B4-471A-8126-BBECA4A7E9F0}.Release|Any CPU.ActiveCfg = Release|Any CPU
		{6538450A-02B4-471A-8126-BBECA4A7E9F0}.Release|Any CPU.Build.0 = Release|Any CPU
		{EFD70B68-4D09-4368-B8D9-459D81BF7537}.Debug|Any CPU.ActiveCfg = Debug|Any CPU
		{EFD70B68-4D09-4368-B8D9-459D81BF7537}.Debug|Any CPU.Build.0 = Debug|Any CPU
		{EFD70B68-4D09-4368-B8D9-459D81BF7537}.Release|Any CPU.ActiveCfg = Release|Any CPU
		{EFD70B68-4D09-4368-B8D9-459D81BF7537}.Release|Any CPU.Build.0 = Release|Any CPU
	EndGlobalSection
	GlobalSection(SolutionProperties) = preSolution
		HideSolutionNode = FALSE
	EndGlobalSection
EndGlobal
